
Microsoft Visual Studio Solution File, Format Version 12.00
# Visual Studio Version 16
VisualStudioVersion = 16.0.29613.14
MinimumVisualStudioVersion = 10.0.40219.1
Project("{FAE04EC0-301F-11D3-BF4B-00C04F79EFBC}") = "WindowsFormsSignalrClient", "WindowsFormsSgnalrClient\WindowsFormsSignalrClient.csproj", "{228AB9BB-419E-4AE6-9E0A-01B658CCB797}"
EndProject
Project("{FAE04EC0-301F-11D3-BF4B-00C04F79EFBC}") = "WebApplicationSignalR", "WebApplicationSignalR\WebApplicationSignalR.csproj", "{17E53843-203C-4042-835F-659DD4E49535}"
EndProject
Global
	GlobalSection(SolutionConfigurationPlatforms) = preSolution
		Debug|Any CPU = Debug|Any CPU
		Release|Any CPU = Release|Any CPU
	EndGlobalSection
	GlobalSection(ProjectConfigurationPlatforms) = postSolution
		{228AB9BB-419E-4AE6-9E0A-01B658CCB797}.Debug|Any CPU.ActiveCfg = Debug|Any CPU
		{228AB9BB-419E-4AE6-9E0A-01B658CCB797}.Debug|Any CPU.Build.0 = Debug|Any CPU
		{228AB9BB-419E-4AE6-9E0A-01B658CCB797}.Release|Any CPU.ActiveCfg = Release|Any CPU
		{228AB9BB-419E-4AE6-9E0A-01B658CCB797}.Release|Any CPU.Build.0 = Release|Any CPU
		{17E53843-203C-4042-835F-659DD4E49535}.Debug|Any CPU.ActiveCfg = Debug|Any CPU
		{17E53843-203C-4042-835F-659DD4E49535}.Debug|Any CPU.Build.0 = Debug|Any CPU
		{17E53843-203C-4042-835F-659DD4E49535}.Release|Any CPU.ActiveCfg = Release|Any CPU
		{17E53843-203C-4042-835F-659DD4E49535}.Release|Any CPU.Build.0 = Release|Any CPU
	EndGlobalSection
	GlobalSection(SolutionProperties) = preSolution
		HideSolutionNode = FALSE
	EndGlobalSection
	GlobalSection(ExtensibilityGlobals) = postSolution
		SolutionGuid = {2DF55388-DCEA-4EF6-8038-C5A6E724125E}
	EndGlobalSection
EndGlobal
